
Microsoft Visual Studio Solution File, Format Version 12.00
# Visual Studio Version 17
VisualStudioVersion = 17.7.34221.43
MinimumVisualStudioVersion = 10.0.40219.1
Project("{9A19103F-16F7-4668-BE54-9A1E7A4F7556}") = "BlazorApp1", "BlazorApp1\BlazorApp1.csproj", "{9E0941C8-038B-4A48-B3EA-78F142B0C363}"
EndProject
Project("{FAE04EC0-301F-11D3-BF4B-00C04F79EFBC}") = "TestProject1", "TestProject1\TestProject1.csproj", "{F015B941-DF24-45F1-A66C-93C0C81D4D02}"
EndProject
Global
	GlobalSection(SolutionConfigurationPlatforms) = preSolution
		Debug|Any CPU = Debug|Any CPU
		Release|Any CPU = Release|Any CPU
	EndGlobalSection
	GlobalSection(ProjectConfigurationPlatforms) = postSolution
		{9E0941C8-038B-4A48-B3EA-78F142B0C363}.Debug|Any CPU.ActiveCfg = Debug|Any CPU
		{9E0941C8-038B-4A48-B3EA-78F142B0C363}.Debug|Any CPU.Build.0 = Debug|Any CPU
		{9E0941C8-038B-4A48-B3EA-78F142B0C363}.Release|Any CPU.ActiveCfg = Release|Any CPU
		{9E0941C8-038B-4A48-B3EA-78F142B0C363}.Release|Any CPU.Build.0 = Release|Any CPU
		{F015B941-DF24-45F1-A66C-93C0C81D4D02}.Debug|Any CPU.ActiveCfg = Debug|Any CPU
		{F015B941-DF24-45F1-A66C-93C0C81D4D02}.Debug|Any CPU.Build.0 = Debug|Any CPU
		{F015B941-DF24-45F1-A66C-93C0C81D4D02}.Release|Any CPU.ActiveCfg = Release|Any CPU
		{F015B941-DF24-45F1-A66C-93C0C81D4D02}.Release|Any CPU.Build.0 = Release|Any CPU
	EndGlobalSection
	GlobalSection(SolutionProperties) = preSolution
		HideSolutionNode = FALSE
	EndGlobalSection
	GlobalSection(ExtensibilityGlobals) = postSolution
		SolutionGuid = {A85A6D4B-AD8C-48A7-88CF-FB0EB41D0F7A}
	EndGlobalSection
EndGlobal
